
Microsoft Visual Studio Solution File, Format Version 12.00
# Visual Studio Version 17
VisualStudioVersion = 17.8.34316.72
MinimumVisualStudioVersion = 10.0.40219.1
Project("{FAE04EC0-301F-11D3-BF4B-00C04F79EFBC}") = "Sample_0", "Sample_0\Sample_0.csproj", "{06D62B3B-BEA7-4FA9-AA2C-401EE05D5C6C}"
EndProject
Global
	GlobalSection(SolutionConfigurationPlatforms) = preSolution
		Debug|Any CPU = Debug|Any CPU
		Release|Any CPU = Release|Any CPU
	EndGlobalSection
	GlobalSection(ProjectConfigurationPlatforms) = postSolution
		{06D62B3B-BEA7-4FA9-AA2C-401EE05D5C6C}.Debug|Any CPU.ActiveCfg = Debug|Any CPU
		{06D62B3B-BEA7-4FA9-AA2C-401EE05D5C6C}.Debug|Any CPU.Build.0 = Debug|Any CPU
		{06D62B3B-BEA7-4FA9-AA2C-401EE05D5C6C}.Release|Any CPU.ActiveCfg = Release|Any CPU
		{06D62B3B-BEA7-4FA9-AA2C-401EE05D5C6C}.Release|Any CPU.Build.0 = Release|Any CPU
	EndGlobalSection
	GlobalSection(SolutionProperties) = preSolution
		HideSolutionNode = FALSE
	EndGlobalSection
	GlobalSection(ExtensibilityGlobals) = postSolution
		SolutionGuid = {EC304602-0991-4DA7-AD57-33683744227D}
	EndGlobalSection
EndGlobal
